
Microsoft Visual Studio Solution File, Format Version 12.00
# Visual Studio Version 17
VisualStudioVersion = 17.5.2.0
MinimumVisualStudioVersion = 10.0.40219.1
Project("{FAE04EC0-301F-11D3-BF4B-00C04F79EFBC}") = "TaskManagerApi", "TaskManagerApi\TaskManagerApi.csproj", "{6DBB4571-4E83-00F7-E331-B61069F33817}"
EndProject
Project("{FAE04EC0-301F-11D3-BF4B-00C04F79EFBC}") = "TaskManagerApi.Tests", "TaskManagerApi.Tests\TaskManagerApi.Tests.csproj", "{13843CF0-E2CF-4074-AE84-39579E11D143}"
EndProject
Global
	GlobalSection(SolutionConfigurationPlatforms) = preSolution
		Debug|Any CPU = Debug|Any CPU
		Debug|x64 = Debug|x64
		Debug|x86 = Debug|x86
		Release|Any CPU = Release|Any CPU
		Release|x64 = Release|x64
		Release|x86 = Release|x86
	EndGlobalSection
	GlobalSection(ProjectConfigurationPlatforms) = postSolution
		{6DBB4571-4E83-00F7-E331-B61069F33817}.Debug|Any CPU.ActiveCfg = Debug|Any CPU
		{6DBB4571-4E83-00F7-E331-B61069F33817}.Debug|Any CPU.Build.0 = Debug|Any CPU
		{6DBB4571-4E83-00F7-E331-B61069F33817}.Debug|x64.ActiveCfg = Debug|Any CPU
		{6DBB4571-4E83-00F7-E331-B61069F33817}.Debug|x64.Build.0 = Debug|Any CPU
		{6DBB4571-4E83-00F7-E331-B61069F33817}.Debug|x86.ActiveCfg = Debug|Any CPU
		{6DBB4571-4E83-00F7-E331-B61069F33817}.Debug|x86.Build.0 = Debug|Any CPU
		{6DBB4571-4E83-00F7-E331-B61069F33817}.Release|Any CPU.ActiveCfg = Release|Any CPU
		{6DBB4571-4E83-00F7-E331-B61069F33817}.Release|Any CPU.Build.0 = Release|Any CPU
		{6DBB4571-4E83-00F7-E331-B61069F33817}.Release|x64.ActiveCfg = Release|Any CPU
		{6DBB4571-4E83-00F7-E331-B61069F33817}.Release|x64.Build.0 = Release|Any CPU
		{6DBB4571-4E83-00F7-E331-B61069F33817}.Release|x86.ActiveCfg = Release|Any CPU
		{6DBB4571-4E83-00F7-E331-B61069F33817}.Release|x86.Build.0 = Release|Any CPU
		{13843CF0-E2CF-4074-AE84-39579E11D143}.Debug|Any CPU.ActiveCfg = Debug|Any CPU
		{13843CF0-E2CF-4074-AE84-39579E11D143}.Debug|Any CPU.Build.0 = Debug|Any CPU
		{13843CF0-E2CF-4074-AE84-39579E11D143}.Debug|x64.ActiveCfg = Debug|Any CPU
		{13843CF0-E2CF-4074-AE84-39579E11D143}.Debug|x64.Build.0 = Debug|Any CPU
		{13843CF0-E2CF-4074-AE84-39579E11D143}.Debug|x86.ActiveCfg = Debug|Any CPU
		{13843CF0-E2CF-4074-AE84-39579E11D143}.Debug|x86.Build.0 = Debug|Any CPU
		{13843CF0-E2CF-4074-AE84-39579E11D143}.Release|Any CPU.ActiveCfg = Release|Any CPU
		{13843CF0-E2CF-4074-AE84-39579E11D143}.Release|Any CPU.Build.0 = Release|Any CPU
		{13843CF0-E2CF-4074-AE84-39579E11D143}.Release|x64.ActiveCfg = Release|Any CPU
		{13843CF0-E2CF-4074-AE84-39579E11D143}.Release|x64.Build.0 = Release|Any CPU
		{13843CF0-E2CF-4074-AE84-39579E11D143}.Release|x86.ActiveCfg = Release|Any CPU
	EndGlobalSection
	GlobalSection(SolutionProperties) = preSolution
		HideSolutionNode = FALSE
	EndGlobalSection
	GlobalSection(ExtensibilityGlobals) = postSolution
		SolutionGuid = {033169DD-C648-4807-97F5-643AC022A778}
	EndGlobalSection
EndGlobal
